{
  "nodes": {
    "devshell": {
      "inputs": {
        "nixpkgs": [
          "gen",
          "nixpkgs"
        ]
      },
      "locked": {
        "lastModified": 1768818222,
        "narHash": "sha256-460jc0+CZfyaO8+w8JNtlClB2n4ui1RbHfPTLkpwhU8=",
        "owner": "numtide",
        "repo": "devshell",
        "rev": "255a2b1725a20d060f566e4755dbf571bbbb5f76",
        "type": "github"
      },
      "original": {
        "owner": "numtide",
        "repo": "devshell",
        "type": "github"
      }
    },
    "flake-compat": {
      "flake": false,
      "locked": {
        "lastModified": 1767039857,
        "narHash": "sha256-vNpUSpF5Nuw8xvDLj2KCwwksIbjua2LZCqhV1LNRDns=",
        "owner": "NixOS",
        "repo": "flake-compat",
        "rev": "5edf11c44bc78a0d334f6334cdaf7d60d732daab",
        "type": "github"
      },
      "original": {
        "owner": "NixOS",
        "repo": "flake-compat",
        "type": "github"
      }
    },
    "flake-parts": {
      "inputs": {
        "nixpkgs-lib": "nixpkgs-lib"
      },
      "locked": {
        "lastModified": 1778716662,
        "narHash": "sha256-m1Yf0wZ8j1OHjTc2UwHwyQRSnNeSgLJOd7q5Y45hzi4=",
        "owner": "hercules-ci",
        "repo": "flake-parts",
        "rev": "f7c1a2d347e4c52d5fb8d10cb4d94b5884e546fb",
        "type": "github"
      },
      "original": {
        "owner": "hercules-ci",
        "repo": "flake-parts",
        "type": "github"
      }
    },
    "flake-root": {
      "locked": {
        "lastModified": 1723604017,
        "narHash": "sha256-rBtQ8gg+Dn4Sx/s+pvjdq3CB2wQNzx9XGFq/JVGCB6k=",
        "owner": "srid",
        "repo": "flake-root",
        "rev": "b759a56851e10cb13f6b8e5698af7b59c44be26e",
        "type": "github"
      },
      "original": {
        "owner": "srid",
        "repo": "flake-root",
        "type": "github"
      }
    },
    "gen": {
      "inputs": {
        "devshell": "devshell",
        "flake-parts": "flake-parts",
        "flake-root": "flake-root",
        "gen-algebra": "gen-algebra",
        "gen-aspects": "gen-aspects",
        "gen-bind": "gen-bind",
        "gen-derive": "gen-derive",
        "gen-graph": "gen-graph",
        "gen-schema": "gen-schema",
        "gen-scope": "gen-scope",
        "gen-select": "gen-select",
        "git-hooks-nix": "git-hooks-nix",
        "import-tree": "import-tree",
        "nix-unit": "nix-unit",
        "nixpkgs": "nixpkgs_6",
        "treefmt-nix": "treefmt-nix_2"
      },
      "locked": {
        "lastModified": 1782276635,
        "narHash": "sha256-quZeGO4LY0Sz35HbZFbYPV6ZoVePfJSdmMunOCXJYrg=",
        "owner": "sini",
        "repo": "gen",
        "rev": "d65b213a99d0eb66202164d4f2149e47bfcf7e7f",
        "type": "github"
      },
      "original": {
        "owner": "sini",
        "repo": "gen",
        "type": "github"
      }
    },
    "gen-algebra": {
      "locked": {
        "lastModified": 1780264808,
        "narHash": "sha256-qH90aAoCXl4I94ZviyiVZBBLa/SlwheccvFIUJlgPR8=",
        "owner": "sini",
        "repo": "gen-algebra",
        "rev": "49f6721bd314b38272bd6b1b26139569365c85a6",
        "type": "github"
      },
      "original": {
        "owner": "sini",
        "repo": "gen-algebra",
        "type": "github"
      }
    },
    "gen-algebra_2": {
      "locked": {
        "lastModified": 1779816786,
        "narHash": "sha256-FzyAReCRt009sv2+Rl3LmtN7av1UZgQQR2n2BiefgJ4=",
        "owner": "sini",
        "repo": "gen-algebra",
        "rev": "86f2a80d267d747c826b6ba45cb2fff5c0a55365",
        "type": "github"
      },
      "original": {
        "owner": "sini",
        "repo": "gen-algebra",
        "type": "github"
      }
    },
    "gen-algebra_3": {
      "locked": {
        "lastModified": 1779816786,
        "narHash": "sha256-FzyAReCRt009sv2+Rl3LmtN7av1UZgQQR2n2BiefgJ4=",
        "owner": "sini",
        "repo": "gen-algebra",
        "rev": "86f2a80d267d747c826b6ba45cb2fff5c0a55365",
        "type": "github"
      },
      "original": {
        "owner": "sini",
        "repo": "gen-algebra",
        "type": "github"
      }
    },
    "gen-aspects": {
      "locked": {
        "lastModified": 1780264985,
        "narHash": "sha256-kmL0j/7JPixL8T4P3MCR+0KxuQEHvuGqMq9tDXxqYjo=",
        "owner": "sini",
        "repo": "gen-aspects",
        "rev": "146389e055ba8d4ad52a9ccfd6ce860a00788ae2",
        "type": "github"
      },
      "original": {
        "owner": "sini",
        "repo": "gen-aspects",
        "type": "github"
      }
    },
    "gen-bind": {
      "inputs": {
        "nixpkgs": "nixpkgs"
      },
      "locked": {
        "lastModified": 1780184475,
        "narHash": "sha256-zTC/5NVdLjAzjcpooOc8ZFPdqRXLaAAyY1a+oq2Cl5s=",
        "owner": "sini",
        "repo": "gen-bind",
        "rev": "c80acc7adc4543b8bc4a584d72b53283127ce51f",
        "type": "github"
      },
      "original": {
        "owner": "sini",
        "repo": "gen-bind",
        "type": "github"
      }
    },
    "gen-derive": {
      "inputs": {
        "gen-algebra": "gen-algebra_2",
        "nixpkgs": "nixpkgs_2"
      },
      "locked": {
        "lastModified": 1780252476,
        "narHash": "sha256-8F7Oh5rb91HjUSVTLZg+AetCCBYNpIfgg06sw1kiGkU=",
        "owner": "sini",
        "repo": "gen-derive",
        "rev": "5912351250a7a8b90bda68bafa6f7b12738a51dc",
        "type": "github"
      },
      "original": {
        "owner": "sini",
        "repo": "gen-derive",
        "type": "github"
      }
    },
    "gen-graph": {
      "inputs": {
        "nixpkgs": "nixpkgs_3"
      },
      "locked": {
        "lastModified": 1780184474,
        "narHash": "sha256-m6/QHV7PBzyp4nY/aU+a7lkEl3gGyp1tbmb+t2a45R0=",
        "owner": "sini",
        "repo": "gen-graph",
        "rev": "843675d35fa66109a42da986ea1dc0901cbaeddf",
        "type": "github"
      },
      "original": {
        "owner": "sini",
        "repo": "gen-graph",
        "type": "github"
      }
    },
    "gen-schema": {
      "inputs": {
        "nixpkgs": "nixpkgs_4"
      },
      "locked": {
        "lastModified": 1780016316,
        "narHash": "sha256-JE6yIkS6Y+LG+Uu6zZGwStofDsa/BcT/9co79BY/lCE=",
        "owner": "sini",
        "repo": "gen-schema",
        "rev": "c072f76be4164a854312b892867c2d007891575a",
        "type": "github"
      },
      "original": {
        "owner": "sini",
        "repo": "gen-schema",
        "type": "github"
      }
    },
    "gen-scope": {
      "locked": {
        "lastModified": 1780184472,
        "narHash": "sha256-JXioICR3vEc2rWPsoejiz1P1lwXm/bVDQQSqKEAM/kQ=",
        "owner": "sini",
        "repo": "gen-scope",
        "rev": "7e301a5b0372a554ad1f57b080a9a8918f483ff8",
        "type": "github"
      },
      "original": {
        "owner": "sini",
        "repo": "gen-scope",
        "type": "github"
      }
    },
    "gen-select": {
      "inputs": {
        "gen-algebra": "gen-algebra_3",
        "nixpkgs": "nixpkgs_5"
      },
      "locked": {
        "lastModified": 1780184477,
        "narHash": "sha256-z2WFcon/e3z1grF5eVz6lhUX8T9pfRem9+3l2CZfFHI=",
        "owner": "sini",
        "repo": "gen-select",
        "rev": "17cfa8d0a8dd29e9b3f2275d7f94fb840a695736",
        "type": "github"
      },
      "original": {
        "owner": "sini",
        "repo": "gen-select",
        "type": "github"
      }
    },
    "git-hooks-nix": {
      "inputs": {
        "flake-compat": "flake-compat",
        "gitignore": "gitignore",
        "nixpkgs": [
          "gen",
          "nixpkgs"
        ]
      },
      "locked": {
        "lastModified": 1778507602,
        "narHash": "sha256-kTwur1wV+01SdqskVMSo6JMEpg71ps3HpbFY2GsflKs=",
        "owner": "cachix",
        "repo": "git-hooks.nix",
        "rev": "61ab0e80d9c7ab14c256b5b453d8b3fb0189ba0a",
        "type": "github"
      },
      "original": {
        "owner": "cachix",
        "repo": "git-hooks.nix",
        "type": "github"
      }
    },
    "gitignore": {
      "inputs": {
        "nixpkgs": [
          "gen",
          "git-hooks-nix",
          "nixpkgs"
        ]
      },
      "locked": {
        "lastModified": 1709087332,
        "narHash": "sha256-HG2cCnktfHsKV0s4XW83gU3F57gaTljL9KNSuG6bnQs=",
        "owner": "hercules-ci",
        "repo": "gitignore.nix",
        "rev": "637db329424fd7e46cf4185293b9cc8c88c95394",
        "type": "github"
      },
      "original": {
        "owner": "hercules-ci",
        "repo": "gitignore.nix",
        "type": "github"
      }
    },
    "import-tree": {
      "locked": {
        "lastModified": 1749958812,
        "narHash": "sha256-zdo2CwxdUK3FpQjLBjkJnXvl7OPoTpjdW5OvOzQffoQ=",
        "owner": "sini",
        "repo": "import-tree",
        "rev": "6fcfa909614de6dd6c712db8229b8c0261791e39",
        "type": "github"
      },
      "original": {
        "owner": "sini",
        "repo": "import-tree",
        "type": "github"
      }
    },
    "nix-github-actions": {
      "inputs": {
        "nixpkgs": [
          "gen",
          "nix-unit",
          "nixpkgs"
        ]
      },
      "locked": {
        "lastModified": 1737420293,
        "narHash": "sha256-F1G5ifvqTpJq7fdkT34e/Jy9VCyzd5XfJ9TO8fHhJWE=",
        "owner": "nix-community",
        "repo": "nix-github-actions",
        "rev": "f4158fa080ef4503c8f4c820967d946c2af31ec9",
        "type": "github"
      },
      "original": {
        "owner": "nix-community",
        "repo": "nix-github-actions",
        "type": "github"
      }
    },
    "nix-unit": {
      "inputs": {
        "nix-github-actions": "nix-github-actions",
        "nixpkgs": [
          "gen",
          "nixpkgs"
        ],
        "treefmt-nix": "treefmt-nix"
      },
      "locked": {
        "lastModified": 1779338171,
        "narHash": "sha256-affUbv/bwE8SLGhuWKniDr7SVO+Lo1XEPjCZdyU5kgQ=",
        "owner": "nix-community",
        "repo": "nix-unit",
        "rev": "6ab1f232562a01d18b40d5ed6a58718c4f3a74bc",
        "type": "github"
      },
      "original": {
        "owner": "nix-community",
        "repo": "nix-unit",
        "type": "github"
      }
    },
    "nixpkgs": {
      "locked": {
        "lastModified": 1779560665,
        "narHash": "sha256-tpyBcxPpcQb8ukyNF7DoCwfSY3VPsxHoYwj00Cayv5o=",
        "owner": "NixOS",
        "repo": "nixpkgs",
        "rev": "64c08a7ca051951c8eae34e3e3cb1e202fe36786",
        "type": "github"
      },
      "original": {
        "owner": "NixOS",
        "ref": "nixos-unstable",
        "repo": "nixpkgs",
        "type": "github"
      }
    },
    "nixpkgs-lib": {
      "locked": {
        "lastModified": 1777168982,
        "narHash": "sha256-GOkGPcboWE9BmGCRMLX3worL4EMnsnG8MyKmXNeYuhQ=",
        "owner": "nix-community",
        "repo": "nixpkgs.lib",
        "rev": "f5901329dade4a6ea039af1433fb087bd9c1fe14",
        "type": "github"
      },
      "original": {
        "owner": "nix-community",
        "repo": "nixpkgs.lib",
        "type": "github"
      }
    },
    "nixpkgs_2": {
      "locked": {
        "lastModified": 1779560665,
        "narHash": "sha256-tpyBcxPpcQb8ukyNF7DoCwfSY3VPsxHoYwj00Cayv5o=",
        "owner": "NixOS",
        "repo": "nixpkgs",
        "rev": "64c08a7ca051951c8eae34e3e3cb1e202fe36786",
        "type": "github"
      },
      "original": {
        "owner": "NixOS",
        "ref": "nixos-unstable",
        "repo": "nixpkgs",
        "type": "github"
      }
    },
    "nixpkgs_3": {
      "locked": {
        "lastModified": 1779560665,
        "narHash": "sha256-tpyBcxPpcQb8ukyNF7DoCwfSY3VPsxHoYwj00Cayv5o=",
        "owner": "NixOS",
        "repo": "nixpkgs",
        "rev": "64c08a7ca051951c8eae34e3e3cb1e202fe36786",
        "type": "github"
      },
      "original": {
        "owner": "NixOS",
        "ref": "nixos-unstable",
        "repo": "nixpkgs",
        "type": "github"
      }
    },
    "nixpkgs_4": {
      "locked": {
        "lastModified": 1778869304,
        "narHash": "sha256-30sZNZoA1cqF5JNO9fVX+wgiQYjB7HJqqJ4ztCDeBZE=",
        "owner": "NixOS",
        "repo": "nixpkgs",
        "rev": "d233902339c02a9c334e7e593de68855ad26c4cb",
        "type": "github"
      },
      "original": {
        "owner": "NixOS",
        "ref": "nixos-unstable",
        "repo": "nixpkgs",
        "type": "github"
      }
    },
    "nixpkgs_5": {
      "locked": {
        "lastModified": 1779560665,
        "narHash": "sha256-tpyBcxPpcQb8ukyNF7DoCwfSY3VPsxHoYwj00Cayv5o=",
        "owner": "NixOS",
        "repo": "nixpkgs",
        "rev": "64c08a7ca051951c8eae34e3e3cb1e202fe36786",
        "type": "github"
      },
      "original": {
        "owner": "NixOS",
        "ref": "nixos-unstable",
        "repo": "nixpkgs",
        "type": "github"
      }
    },
    "nixpkgs_6": {
      "locked": {
        "lastModified": 1779560665,
        "narHash": "sha256-NpH8iEQ5JHv/BtUuzTEXUMDxPLetCDzIv4OxL8H7Kps=",
        "rev": "64c08a7ca051951c8eae34e3e3cb1e202fe36786",
        "type": "tarball",
        "url": "https://releases.nixos.org/nixos/unstable/nixos-26.05pre1004030.64c08a7ca051/nixexprs.tar.xz?lastModified=1779560665&rev=64c08a7ca051951c8eae34e3e3cb1e202fe36786"
      },
      "original": {
        "type": "tarball",
        "url": "https://channels.nixos.org/nixos-unstable/nixexprs.tar.xz"
      }
    },
    "nixpkgs_7": {
      "locked": {
        "lastModified": 1781577229,
        "narHash": "sha256-rcUHdUtJEvMdNEl2Wq+YpHraHKfcer3KsBscpZEF2Yg=",
        "rev": "567a49d1913ce81ac6e9582e3553dd90a955875f",
        "type": "tarball",
        "url": "https://releases.nixos.org/nixos/unstable/nixos-26.11pre1017464.567a49d1913c/nixexprs.tar.xz?lastModified=1781577229&rev=567a49d1913ce81ac6e9582e3553dd90a955875f"
      },
      "original": {
        "type": "tarball",
        "url": "https://channels.nixos.org/nixos-unstable/nixexprs.tar.xz"
      }
    },
    "root": {
      "inputs": {
        "gen": "gen",
        "nixpkgs": "nixpkgs_7"
      }
    },
    "treefmt-nix": {
      "inputs": {
        "nixpkgs": [
          "gen",
          "nix-unit",
          "nixpkgs"
        ]
      },
      "locked": {
        "lastModified": 1775636079,
        "narHash": "sha256-pc20NRoMdiar8oPQceQT47UUZMBTiMdUuWrYu2obUP0=",
        "owner": "numtide",
        "repo": "treefmt-nix",
        "rev": "790751ff7fd3801feeaf96d7dc416a8d581265ba",
        "type": "github"
      },
      "original": {
        "owner": "numtide",
        "repo": "treefmt-nix",
        "type": "github"
      }
    },
    "treefmt-nix_2": {
      "inputs": {
        "nixpkgs": [
          "gen",
          "nixpkgs"
        ]
      },
      "locked": {
        "lastModified": 1775636079,
        "narHash": "sha256-pc20NRoMdiar8oPQceQT47UUZMBTiMdUuWrYu2obUP0=",
        "owner": "numtide",
        "repo": "treefmt-nix",
        "rev": "790751ff7fd3801feeaf96d7dc416a8d581265ba",
        "type": "github"
      },
      "original": {
        "owner": "numtide",
        "repo": "treefmt-nix",
        "type": "github"
      }
    }
  },
  "root": "root",
  "version": 7
}
